
Microsoft Visual Studio Solution File, Format Version 12.00
# Visual Studio 15
VisualStudioVersion = 15.0.28307.757
MinimumVisualStudioVersion = 10.0.40219.1
Project("{FAE04EC0-301F-11D3-BF4B-00C04F79EFBC}") = "Homework9", "Homework9\Homework9.csproj", "{F7AC88DD-3EFE-4CA2-BEF4-09DE2212AFAD}"
EndProject
Global
	GlobalSection(SolutionConfigurationPlatforms) = preSolution
		Debug|Any CPU = Debug|Any CPU
		Release|Any CPU = Release|Any CPU
	EndGlobalSection
	GlobalSection(ProjectConfigurationPlatforms) = postSolution
		{F7AC88DD-3EFE-4CA2-BEF4-09DE2212AFAD}.Debug|Any CPU.ActiveCfg = Debug|Any CPU
		{F7AC88DD-3EFE-4CA2-BEF4-09DE2212AFAD}.Debug|Any CPU.Build.0 = Debug|Any CPU
		{F7AC88DD-3EFE-4CA2-BEF4-09DE2212AFAD}.Release|Any CPU.ActiveCfg = Release|Any CPU
		{F7AC88DD-3EFE-4CA2-BEF4-09DE2212AFAD}.Release|Any CPU.Build.0 = Release|Any CPU
	EndGlobalSection
	GlobalSection(SolutionProperties) = preSolution
		HideSolutionNode = FALSE
	EndGlobalSection
	GlobalSection(ExtensibilityGlobals) = postSolution
		SolutionGuid = {EBE861FE-4820-4C49-AEDB-8029FBF5B19D}
	EndGlobalSection
EndGlobal
