
Microsoft Visual Studio Solution File, Format Version 12.00
# Visual Studio 15
VisualStudioVersion = 15.0.28307.757
MinimumVisualStudioVersion = 10.0.40219.1
Project("{FAE04EC0-301F-11D3-BF4B-00C04F79EFBC}") = "Homework2 Project1", "Homework2 Project1\Homework2 Project1.csproj", "{A7EB4263-977C-41B3-9039-2D34B8728E25}"
EndProject
Global
	GlobalSection(SolutionConfigurationPlatforms) = preSolution
		Debug|Any CPU = Debug|Any CPU
		Release|Any CPU = Release|Any CPU
	EndGlobalSection
	GlobalSection(ProjectConfigurationPlatforms) = postSolution
		{A7EB4263-977C-41B3-9039-2D34B8728E25}.Debug|Any CPU.ActiveCfg = Debug|Any CPU
		{A7EB4263-977C-41B3-9039-2D34B8728E25}.Debug|Any CPU.Build.0 = Debug|Any CPU
		{A7EB4263-977C-41B3-9039-2D34B8728E25}.Release|Any CPU.ActiveCfg = Release|Any CPU
		{A7EB4263-977C-41B3-9039-2D34B8728E25}.Release|Any CPU.Build.0 = Release|Any CPU
	EndGlobalSection
	GlobalSection(SolutionProperties) = preSolution
		HideSolutionNode = FALSE
	EndGlobalSection
	GlobalSection(ExtensibilityGlobals) = postSolution
		SolutionGuid = {7DE546C5-9679-4819-817E-59A1FC1C15E2}
	EndGlobalSection
EndGlobal
