
Microsoft Visual Studio Solution File, Format Version 12.00
# Visual Studio 15
VisualStudioVersion = 15.0.28307.757
MinimumVisualStudioVersion = 10.0.40219.1
Project("{FAE04EC0-301F-11D3-BF4B-00C04F79EFBC}") = "Homework3 Project1", "Homework3 Project1\Homework3 Project1.csproj", "{0BB333D3-B8E0-4A4C-9A89-C3C0DCDE3BA5}"
EndProject
Global
	GlobalSection(SolutionConfigurationPlatforms) = preSolution
		Debug|Any CPU = Debug|Any CPU
		Release|Any CPU = Release|Any CPU
	EndGlobalSection
	GlobalSection(ProjectConfigurationPlatforms) = postSolution
		{0BB333D3-B8E0-4A4C-9A89-C3C0DCDE3BA5}.Debug|Any CPU.ActiveCfg = Debug|Any CPU
		{0BB333D3-B8E0-4A4C-9A89-C3C0DCDE3BA5}.Debug|Any CPU.Build.0 = Debug|Any CPU
		{0BB333D3-B8E0-4A4C-9A89-C3C0DCDE3BA5}.Release|Any CPU.ActiveCfg = Release|Any CPU
		{0BB333D3-B8E0-4A4C-9A89-C3C0DCDE3BA5}.Release|Any CPU.Build.0 = Release|Any CPU
	EndGlobalSection
	GlobalSection(SolutionProperties) = preSolution
		HideSolutionNode = FALSE
	EndGlobalSection
	GlobalSection(ExtensibilityGlobals) = postSolution
		SolutionGuid = {AAEFB2B2-20E4-4FEE-BD13-029E10CE80E5}
	EndGlobalSection
EndGlobal
